{
  "name": "coding-dojo",
  "version": "0.0.1",
  "lockfileVersion": 1,
  "requires": true,
  "dependencies": {
    "@types/object-assign": {
      "version": "4.0.30",
      "resolved": "https://registry.npmjs.org/@types/object-assign/-/object-assign-4.0.30.tgz",
      "integrity": "sha1-iUk3HVqZ9Dge4PHfCpt6GH4H5lI="
    },
    "@types/rsvp": {
      "version": "4.0.0",
      "resolved": "https://registry.npmjs.org/@types/rsvp/-/rsvp-4.0.0.tgz",
      "integrity": "sha512-kf4KI0bm1yZ0jpULyPAIAsO1PV4OCPnoPUS1tqzuUweQeIeM0abBbWq5xx8WEE84C/Pq8olIOvHfeCOuiCGKUg=="
    },
    "object-assign": {
      "version": "4.1.1",
      "resolved": "https://registry.npmjs.org/object-assign/-/object-assign-4.1.1.tgz",
      "integrity": "sha1-IQmtx5ZYh8/AXLvUQsrIv7s2CGM="
    },
    "rsvp": {
      "version": "4.7.0",
      "resolved": "https://registry.npmjs.org/rsvp/-/rsvp-4.7.0.tgz",
      "integrity": "sha1-3BsLGlNvfeydK+ReChKtQZfJ/ZY="
    }
  }
}
